
Microsoft Visual Studio Solution File, Format Version 12.00
# Visual Studio Version 17
VisualStudioVersion = 17.4.33403.182
MinimumVisualStudioVersion = 10.0.40219.1
Project("{8BC9CEB8-8B4A-11D0-8D11-00A0C91BC942}") = "3-8", "3-8\3-8.vcxproj", "{5A315EBF-DB7E-4A9F-9A46-1FD9EA406BD9}"
EndProject
Global
	GlobalSection(SolutionConfigurationPlatforms) = preSolution
		Debug|x64 = Debug|x64
		Debug|x86 = Debug|x86
		Release|x64 = Release|x64
		Release|x86 = Release|x86
	EndGlobalSection
	GlobalSection(ProjectConfigurationPlatforms) = postSolution
		{5A315EBF-DB7E-4A9F-9A46-1FD9EA406BD9}.Debug|x64.ActiveCfg = Debug|x64
		{5A315EBF-DB7E-4A9F-9A46-1FD9EA406BD9}.Debug|x64.Build.0 = Debug|x64
		{5A315EBF-DB7E-4A9F-9A46-1FD9EA406BD9}.Debug|x86.ActiveCfg = Debug|Win32
		{5A315EBF-DB7E-4A9F-9A46-1FD9EA406BD9}.Debug|x86.Build.0 = Debug|Win32
		{5A315EBF-DB7E-4A9F-9A46-1FD9EA406BD9}.Release|x64.ActiveCfg = Release|x64
		{5A315EBF-DB7E-4A9F-9A46-1FD9EA406BD9}.Release|x64.Build.0 = Release|x64
		{5A315EBF-DB7E-4A9F-9A46-1FD9EA406BD9}.Release|x86.ActiveCfg = Release|Win32
		{5A315EBF-DB7E-4A9F-9A46-1FD9EA406BD9}.Release|x86.Build.0 = Release|Win32
	EndGlobalSection
	GlobalSection(SolutionProperties) = preSolution
		HideSolutionNode = FALSE
	EndGlobalSection
	GlobalSection(ExtensibilityGlobals) = postSolution
		SolutionGuid = {CB429AEC-6C7A-4CCA-9C74-2B4AA34A07AC}
	EndGlobalSection
EndGlobal
