
Microsoft Visual Studio Solution File, Format Version 12.00
# Visual Studio Version 17
VisualStudioVersion = 17.6.33829.357
MinimumVisualStudioVersion = 10.0.40219.1
Project("{8BC9CEB8-8B4A-11D0-8D11-00A0C91BC942}") = "최대값, 최소값 구하기", "최대값, 최소값 구하기\최대값, 최소값 구하기.vcxproj", "{525B5D03-0866-4DE9-A8B9-4B47266CA9F5}"
EndProject
Global
	GlobalSection(SolutionConfigurationPlatforms) = preSolution
		Debug|x64 = Debug|x64
		Debug|x86 = Debug|x86
		Release|x64 = Release|x64
		Release|x86 = Release|x86
	EndGlobalSection
	GlobalSection(ProjectConfigurationPlatforms) = postSolution
		{525B5D03-0866-4DE9-A8B9-4B47266CA9F5}.Debug|x64.ActiveCfg = Debug|x64
		{525B5D03-0866-4DE9-A8B9-4B47266CA9F5}.Debug|x64.Build.0 = Debug|x64
		{525B5D03-0866-4DE9-A8B9-4B47266CA9F5}.Debug|x86.ActiveCfg = Debug|Win32
		{525B5D03-0866-4DE9-A8B9-4B47266CA9F5}.Debug|x86.Build.0 = Debug|Win32
		{525B5D03-0866-4DE9-A8B9-4B47266CA9F5}.Release|x64.ActiveCfg = Release|x64
		{525B5D03-0866-4DE9-A8B9-4B47266CA9F5}.Release|x64.Build.0 = Release|x64
		{525B5D03-0866-4DE9-A8B9-4B47266CA9F5}.Release|x86.ActiveCfg = Release|Win32
		{525B5D03-0866-4DE9-A8B9-4B47266CA9F5}.Release|x86.Build.0 = Release|Win32
	EndGlobalSection
	GlobalSection(SolutionProperties) = preSolution
		HideSolutionNode = FALSE
	EndGlobalSection
	GlobalSection(ExtensibilityGlobals) = postSolution
		SolutionGuid = {3C04A2ED-F286-4416-A89F-51B4BE7E7379}
	EndGlobalSection
EndGlobal
