
Microsoft Visual Studio Solution File, Format Version 12.00
# Visual Studio Version 17
VisualStudioVersion = 17.4.33213.308
MinimumVisualStudioVersion = 10.0.40219.1
Project("{8BC9CEB8-8B4A-11D0-8D11-00A0C91BC942}") = "20230423_27", "20230423_27\20230423_27.vcxproj", "{ABAEE83C-95D1-4D70-9317-F71D41D9BD0E}"
EndProject
Global
	GlobalSection(SolutionConfigurationPlatforms) = preSolution
		Debug|x64 = Debug|x64
		Debug|x86 = Debug|x86
		Release|x64 = Release|x64
		Release|x86 = Release|x86
	EndGlobalSection
	GlobalSection(ProjectConfigurationPlatforms) = postSolution
		{ABAEE83C-95D1-4D70-9317-F71D41D9BD0E}.Debug|x64.ActiveCfg = Debug|x64
		{ABAEE83C-95D1-4D70-9317-F71D41D9BD0E}.Debug|x64.Build.0 = Debug|x64
		{ABAEE83C-95D1-4D70-9317-F71D41D9BD0E}.Debug|x86.ActiveCfg = Debug|Win32
		{ABAEE83C-95D1-4D70-9317-F71D41D9BD0E}.Debug|x86.Build.0 = Debug|Win32
		{ABAEE83C-95D1-4D70-9317-F71D41D9BD0E}.Release|x64.ActiveCfg = Release|x64
		{ABAEE83C-95D1-4D70-9317-F71D41D9BD0E}.Release|x64.Build.0 = Release|x64
		{ABAEE83C-95D1-4D70-9317-F71D41D9BD0E}.Release|x86.ActiveCfg = Release|Win32
		{ABAEE83C-95D1-4D70-9317-F71D41D9BD0E}.Release|x86.Build.0 = Release|Win32
	EndGlobalSection
	GlobalSection(SolutionProperties) = preSolution
		HideSolutionNode = FALSE
	EndGlobalSection
	GlobalSection(ExtensibilityGlobals) = postSolution
		SolutionGuid = {6D7990C4-7F7F-45D2-8C34-04BDEAA54CD8}
	EndGlobalSection
EndGlobal
