
Microsoft Visual Studio Solution File, Format Version 12.00
# Visual Studio Version 17
VisualStudioVersion = 17.3.32825.248
MinimumVisualStudioVersion = 10.0.40219.1
Project("{8BC9CEB8-8B4A-11D0-8D11-00A0C91BC942}") = "Rotational", "Rotational\Rotational.vcxproj", "{C706C2EA-50D4-4701-B5CE-E6457D4ED63A}"
EndProject
Global
	GlobalSection(SolutionConfigurationPlatforms) = preSolution
		Debug|x64 = Debug|x64
		Debug|x86 = Debug|x86
		Release|x64 = Release|x64
		Release|x86 = Release|x86
	EndGlobalSection
	GlobalSection(ProjectConfigurationPlatforms) = postSolution
		{C706C2EA-50D4-4701-B5CE-E6457D4ED63A}.Debug|x64.ActiveCfg = Debug|x64
		{C706C2EA-50D4-4701-B5CE-E6457D4ED63A}.Debug|x64.Build.0 = Debug|x64
		{C706C2EA-50D4-4701-B5CE-E6457D4ED63A}.Debug|x86.ActiveCfg = Debug|Win32
		{C706C2EA-50D4-4701-B5CE-E6457D4ED63A}.Debug|x86.Build.0 = Debug|Win32
		{C706C2EA-50D4-4701-B5CE-E6457D4ED63A}.Release|x64.ActiveCfg = Release|x64
		{C706C2EA-50D4-4701-B5CE-E6457D4ED63A}.Release|x64.Build.0 = Release|x64
		{C706C2EA-50D4-4701-B5CE-E6457D4ED63A}.Release|x86.ActiveCfg = Release|Win32
		{C706C2EA-50D4-4701-B5CE-E6457D4ED63A}.Release|x86.Build.0 = Release|Win32
	EndGlobalSection
	GlobalSection(SolutionProperties) = preSolution
		HideSolutionNode = FALSE
	EndGlobalSection
	GlobalSection(ExtensibilityGlobals) = postSolution
		SolutionGuid = {F46DCC4F-66C8-4BF0-AD75-13C4CCF0F84C}
	EndGlobalSection
EndGlobal
