
Microsoft Visual Studio Solution File, Format Version 12.00
# Visual Studio Version 17
VisualStudioVersion = 17.4.33403.182
MinimumVisualStudioVersion = 10.0.40219.1
Project("{8BC9CEB8-8B4A-11D0-8D11-00A0C91BC942}") = "1-4", "1-4\1-4.vcxproj", "{052F3257-7F6A-4AFB-B5B6-DDAA721816F9}"
EndProject
Global
	GlobalSection(SolutionConfigurationPlatforms) = preSolution
		Debug|x64 = Debug|x64
		Debug|x86 = Debug|x86
		Release|x64 = Release|x64
		Release|x86 = Release|x86
	EndGlobalSection
	GlobalSection(ProjectConfigurationPlatforms) = postSolution
		{052F3257-7F6A-4AFB-B5B6-DDAA721816F9}.Debug|x64.ActiveCfg = Debug|x64
		{052F3257-7F6A-4AFB-B5B6-DDAA721816F9}.Debug|x64.Build.0 = Debug|x64
		{052F3257-7F6A-4AFB-B5B6-DDAA721816F9}.Debug|x86.ActiveCfg = Debug|Win32
		{052F3257-7F6A-4AFB-B5B6-DDAA721816F9}.Debug|x86.Build.0 = Debug|Win32
		{052F3257-7F6A-4AFB-B5B6-DDAA721816F9}.Release|x64.ActiveCfg = Release|x64
		{052F3257-7F6A-4AFB-B5B6-DDAA721816F9}.Release|x64.Build.0 = Release|x64
		{052F3257-7F6A-4AFB-B5B6-DDAA721816F9}.Release|x86.ActiveCfg = Release|Win32
		{052F3257-7F6A-4AFB-B5B6-DDAA721816F9}.Release|x86.Build.0 = Release|Win32
	EndGlobalSection
	GlobalSection(SolutionProperties) = preSolution
		HideSolutionNode = FALSE
	EndGlobalSection
	GlobalSection(ExtensibilityGlobals) = postSolution
		SolutionGuid = {8F903173-5F71-4F84-B6BE-D8641C9A8AE0}
	EndGlobalSection
EndGlobal
