
Microsoft Visual Studio Solution File, Format Version 12.00
# Visual Studio Version 17
VisualStudioVersion = 17.4.33403.182
MinimumVisualStudioVersion = 10.0.40219.1
Project("{8BC9CEB8-8B4A-11D0-8D11-00A0C91BC942}") = "20230412_9", "20230412_9\20230412_9.vcxproj", "{E503CB7E-76C7-445D-B792-DB607E82C0E2}"
EndProject
Global
	GlobalSection(SolutionConfigurationPlatforms) = preSolution
		Debug|x64 = Debug|x64
		Debug|x86 = Debug|x86
		Release|x64 = Release|x64
		Release|x86 = Release|x86
	EndGlobalSection
	GlobalSection(ProjectConfigurationPlatforms) = postSolution
		{E503CB7E-76C7-445D-B792-DB607E82C0E2}.Debug|x64.ActiveCfg = Debug|x64
		{E503CB7E-76C7-445D-B792-DB607E82C0E2}.Debug|x64.Build.0 = Debug|x64
		{E503CB7E-76C7-445D-B792-DB607E82C0E2}.Debug|x86.ActiveCfg = Debug|Win32
		{E503CB7E-76C7-445D-B792-DB607E82C0E2}.Debug|x86.Build.0 = Debug|Win32
		{E503CB7E-76C7-445D-B792-DB607E82C0E2}.Release|x64.ActiveCfg = Release|x64
		{E503CB7E-76C7-445D-B792-DB607E82C0E2}.Release|x64.Build.0 = Release|x64
		{E503CB7E-76C7-445D-B792-DB607E82C0E2}.Release|x86.ActiveCfg = Release|Win32
		{E503CB7E-76C7-445D-B792-DB607E82C0E2}.Release|x86.Build.0 = Release|Win32
	EndGlobalSection
	GlobalSection(SolutionProperties) = preSolution
		HideSolutionNode = FALSE
	EndGlobalSection
	GlobalSection(ExtensibilityGlobals) = postSolution
		SolutionGuid = {E04FF387-CE72-4D7F-8458-01FC13B93128}
	EndGlobalSection
EndGlobal
