
Microsoft Visual Studio Solution File, Format Version 12.00
# Visual Studio Version 17
VisualStudioVersion = 17.4.33403.182
MinimumVisualStudioVersion = 10.0.40219.1
Project("{8BC9CEB8-8B4A-11D0-8D11-00A0C91BC942}") = "20230411_2", "20230411_2\20230411_2.vcxproj", "{0C39DBB4-495D-4B16-A5EA-4A9FD7AD70C6}"
EndProject
Global
	GlobalSection(SolutionConfigurationPlatforms) = preSolution
		Debug|x64 = Debug|x64
		Debug|x86 = Debug|x86
		Release|x64 = Release|x64
		Release|x86 = Release|x86
	EndGlobalSection
	GlobalSection(ProjectConfigurationPlatforms) = postSolution
		{0C39DBB4-495D-4B16-A5EA-4A9FD7AD70C6}.Debug|x64.ActiveCfg = Debug|x64
		{0C39DBB4-495D-4B16-A5EA-4A9FD7AD70C6}.Debug|x64.Build.0 = Debug|x64
		{0C39DBB4-495D-4B16-A5EA-4A9FD7AD70C6}.Debug|x86.ActiveCfg = Debug|Win32
		{0C39DBB4-495D-4B16-A5EA-4A9FD7AD70C6}.Debug|x86.Build.0 = Debug|Win32
		{0C39DBB4-495D-4B16-A5EA-4A9FD7AD70C6}.Release|x64.ActiveCfg = Release|x64
		{0C39DBB4-495D-4B16-A5EA-4A9FD7AD70C6}.Release|x64.Build.0 = Release|x64
		{0C39DBB4-495D-4B16-A5EA-4A9FD7AD70C6}.Release|x86.ActiveCfg = Release|Win32
		{0C39DBB4-495D-4B16-A5EA-4A9FD7AD70C6}.Release|x86.Build.0 = Release|Win32
	EndGlobalSection
	GlobalSection(SolutionProperties) = preSolution
		HideSolutionNode = FALSE
	EndGlobalSection
	GlobalSection(ExtensibilityGlobals) = postSolution
		SolutionGuid = {3997EC7B-3FB7-4FB5-A937-08EFC1460370}
	EndGlobalSection
EndGlobal
