
Microsoft Visual Studio Solution File, Format Version 12.00
# Visual Studio Version 17
VisualStudioVersion = 17.4.33403.182
MinimumVisualStudioVersion = 10.0.40219.1
Project("{8BC9CEB8-8B4A-11D0-8D11-00A0C91BC942}") = "20230308_1", "20230308_1\20230308_1.vcxproj", "{CAC53F8E-B3D9-445C-9009-17FA58C31526}"
EndProject
Global
	GlobalSection(SolutionConfigurationPlatforms) = preSolution
		Debug|x64 = Debug|x64
		Debug|x86 = Debug|x86
		Release|x64 = Release|x64
		Release|x86 = Release|x86
	EndGlobalSection
	GlobalSection(ProjectConfigurationPlatforms) = postSolution
		{CAC53F8E-B3D9-445C-9009-17FA58C31526}.Debug|x64.ActiveCfg = Debug|x64
		{CAC53F8E-B3D9-445C-9009-17FA58C31526}.Debug|x64.Build.0 = Debug|x64
		{CAC53F8E-B3D9-445C-9009-17FA58C31526}.Debug|x86.ActiveCfg = Debug|Win32
		{CAC53F8E-B3D9-445C-9009-17FA58C31526}.Debug|x86.Build.0 = Debug|Win32
		{CAC53F8E-B3D9-445C-9009-17FA58C31526}.Release|x64.ActiveCfg = Release|x64
		{CAC53F8E-B3D9-445C-9009-17FA58C31526}.Release|x64.Build.0 = Release|x64
		{CAC53F8E-B3D9-445C-9009-17FA58C31526}.Release|x86.ActiveCfg = Release|Win32
		{CAC53F8E-B3D9-445C-9009-17FA58C31526}.Release|x86.Build.0 = Release|Win32
	EndGlobalSection
	GlobalSection(SolutionProperties) = preSolution
		HideSolutionNode = FALSE
	EndGlobalSection
	GlobalSection(ExtensibilityGlobals) = postSolution
		SolutionGuid = {17C9B7F2-3D35-4E6D-BAF8-E2BD4FDF6555}
	EndGlobalSection
EndGlobal
